
Microsoft Visual Studio Solution File, Format Version 12.00
Project("{FAE04EC0-301F-11D3-BF4B-00C04F79EFBC}") = "AREA_ReST_API", "AREA_ReST_API/AREA_ReST_API.csproj", "{24A6ACA6-76B0-4403-9A98-746E5B84D9A4}"
EndProject
Project("{FAE04EC0-301F-11D3-BF4B-00C04F79EFBC}") = "AREA_ReST_API_Tests", "AREA_ReST_API_Tests\AREA_ReST_API_Tests.csproj", "{DC2A87D1-E780-4783-B3B6-CBDD50358D32}"
EndProject
Global
	GlobalSection(SolutionConfigurationPlatforms) = preSolution
		Debug|Any CPU = Debug|Any CPU
		Release|Any CPU = Release|Any CPU
	EndGlobalSection
	GlobalSection(ProjectConfigurationPlatforms) = postSolution
		{24A6ACA6-76B0-4403-9A98-746E5B84D9A4}.Debug|Any CPU.ActiveCfg = Debug|Any CPU
		{24A6ACA6-76B0-4403-9A98-746E5B84D9A4}.Debug|Any CPU.Build.0 = Debug|Any CPU
		{24A6ACA6-76B0-4403-9A98-746E5B84D9A4}.Release|Any CPU.ActiveCfg = Release|Any CPU
		{24A6ACA6-76B0-4403-9A98-746E5B84D9A4}.Release|Any CPU.Build.0 = Release|Any CPU
		{DC2A87D1-E780-4783-B3B6-CBDD50358D32}.Debug|Any CPU.ActiveCfg = Debug|Any CPU
		{DC2A87D1-E780-4783-B3B6-CBDD50358D32}.Debug|Any CPU.Build.0 = Debug|Any CPU
		{DC2A87D1-E780-4783-B3B6-CBDD50358D32}.Release|Any CPU.ActiveCfg = Release|Any CPU
		{DC2A87D1-E780-4783-B3B6-CBDD50358D32}.Release|Any CPU.Build.0 = Release|Any CPU
	EndGlobalSection
EndGlobal
